
Microsoft Visual Studio Solution File, Format Version 12.00
# Visual Studio Version 17
VisualStudioVersion = 17.10.35027.167
MinimumVisualStudioVersion = 10.0.40219.1
Project("{FAE04EC0-301F-11D3-BF4B-00C04F79EFBC}") = "prac25.3", "prac25.3.csproj", "{CFC27D37-C188-472A-81A8-63C1EC59C872}"
EndProject
Global
	GlobalSection(SolutionConfigurationPlatforms) = preSolution
		Debug|Any CPU = Debug|Any CPU
		Release|Any CPU = Release|Any CPU
	EndGlobalSection
	GlobalSection(ProjectConfigurationPlatforms) = postSolution
		{CFC27D37-C188-472A-81A8-63C1EC59C872}.Debug|Any CPU.ActiveCfg = Debug|Any CPU
		{CFC27D37-C188-472A-81A8-63C1EC59C872}.Debug|Any CPU.Build.0 = Debug|Any CPU
		{CFC27D37-C188-472A-81A8-63C1EC59C872}.Release|Any CPU.ActiveCfg = Release|Any CPU
		{CFC27D37-C188-472A-81A8-63C1EC59C872}.Release|Any CPU.Build.0 = Release|Any CPU
	EndGlobalSection
	GlobalSection(SolutionProperties) = preSolution
		HideSolutionNode = FALSE
	EndGlobalSection
	GlobalSection(ExtensibilityGlobals) = postSolution
		SolutionGuid = {EFEBD94C-AD8B-4BEF-A294-CF67DA2911E2}
	EndGlobalSection
EndGlobal
